
Microsoft Visual Studio Solution File, Format Version 12.00
# Visual Studio 15
VisualStudioVersion = 15.0.26730.16
MinimumVisualStudioVersion = 10.0.40219.1
Project("{FAE04EC0-301F-11D3-BF4B-00C04F79EFBC}") = "GeneradorDeClases", "GeneradorDeClases\GeneradorDeClases.csproj", "{7F4DDCC7-5874-4863-B360-B16D8FAFBB88}"
EndProject
Global
	GlobalSection(SolutionConfigurationPlatforms) = preSolution
		Debug|Any CPU = Debug|Any CPU
		Release|Any CPU = Release|Any CPU
	EndGlobalSection
	GlobalSection(ProjectConfigurationPlatforms) = postSolution
		{7F4DDCC7-5874-4863-B360-B16D8FAFBB88}.Debug|Any CPU.ActiveCfg = Debug|Any CPU
		{7F4DDCC7-5874-4863-B360-B16D8FAFBB88}.Debug|Any CPU.Build.0 = Debug|Any CPU
		{7F4DDCC7-5874-4863-B360-B16D8FAFBB88}.Release|Any CPU.ActiveCfg = Release|Any CPU
		{7F4DDCC7-5874-4863-B360-B16D8FAFBB88}.Release|Any CPU.Build.0 = Release|Any CPU
	EndGlobalSection
	GlobalSection(SolutionProperties) = preSolution
		HideSolutionNode = FALSE
	EndGlobalSection
	GlobalSection(ExtensibilityGlobals) = postSolution
		SolutionGuid = {F3F223E7-F4DC-4D70-92CE-9E406768A87F}
	EndGlobalSection
EndGlobal
